Microsoft Visual Studio Solution File, Format Version 12.00
# Visual Studio Version 17
VisualStudioVersion = 17.5.2.0
MinimumVisualStudioVersion = 10.0.40219.1
Project("{FAE04EC0-301F-11D3-BF4B-00C04F79EFBC}") = "CCAIAsistencia", "CCAIAsistencia.csproj", "{D4E364B4-6CAF-643E-243E-4999BD691B0E}"
EndProject
Global
	GlobalSection(SolutionConfigurationPlatforms) = preSolution
		Debug|Any CPU = Debug|Any CPU
		Release|Any CPU = Release|Any CPU
	EndGlobalSection
	GlobalSection(ProjectConfigurationPlatforms) = postSolution
		{D4E364B4-6CAF-643E-243E-4999BD691B0E}.Debug|Any CPU.ActiveCfg = Debug|Any CPU
		{D4E364B4-6CAF-643E-243E-4999BD691B0E}.Debug|Any CPU.Build.0 = Debug|Any CPU
		{D4E364B4-6CAF-643E-243E-4999BD691B0E}.Release|Any CPU.ActiveCfg = Release|Any CPU
		{D4E364B4-6CAF-643E-243E-4999BD691B0E}.Release|Any CPU.Build.0 = Release|Any CPU
	EndGlobalSection
	GlobalSection(SolutionProperties) = preSolution
		HideSolutionNode = FALSE
	EndGlobalSection
	GlobalSection(ExtensibilityGlobals) = postSolution
		SolutionGuid = {A4A589BC-5256-4E35-9D57-7E55B2E46C99}
	EndGlobalSection
EndGlobal
